<?xml version="1.0" encoding="utf-8"?>
<Project ToolsVersion="4.0" xmlns="http://schemas.microsoft.com/developer/msbuild/2003">
  <ItemGroup>
    <Filter Include="Source">
      <UniqueIdentifier>{67DA6AB6-F800-4c08-8B7A-83BB121AAD01}</UniqueIdentifier>
      <Extensions>rc;ico;cur;bmp;dlg;rc2;rct;bin;rgs;gif;jpg;jpeg;jpe;resx;tiff;tif;png;wav;mfcribbon-ms</Extensions>
    </Filter>
    <Filter Include="Headers">
      <UniqueIdentifier>{4FC737F1-C7A5-4376-A066-2A32D752A2FF}</UniqueIdentifier>
      <Extensions>cpp;c;cc;cxx;c++;cppm;ixx;def;odl;idl;hpj;bat;asm;asmx</Extensions>
    </Filter>
    <Filter Include="3rdParty">
      <UniqueIdentifier>{d22fd193-c543-4883-a4f0-0b6b169afd58}</UniqueIdentifier>
    </Filter>
    <Filter Include="3rdParty\Detours">
      <UniqueIdentifier>{5f3ce5a9-20f1-4acb-a264-a99a96dcfa9b}</UniqueIdentifier>
    </Filter>
  </ItemGroup>
  <ItemGroup>
    <ClCompile Include="launcher.cpp">
      <Filter>Source</Filter>
    </ClCompile>
    <ClCompile Include="registry.cpp">
      <Filter>Source</Filter>
    </ClCompile>
    <ClCompile Include="sys_launcher.cpp">
      <Filter>Source</Filter>
    </ClCompile>
    <ClCompile Include="commandline.cpp">
      <Filter>Source</Filter>
    </ClCompile>
    <ClCompile Include="HLSDK\common\interface.cpp">
      <Filter>Source</Filter>
    </ClCompile>
    <ClCompile Include="hook.cpp">
      <Filter>Source</Filter>
    </ClCompile>
    <ClCompile Include="hookutils.cpp">
      <Filter>Source</Filter>
    </ClCompile>
    <ClCompile Include="Detours\detours.cpp">
      <Filter>3rdParty\Detours</Filter>
    </ClCompile>
    <ClCompile Include="Detours\disasm.cpp">
      <Filter>3rdParty\Detours</Filter>
    </ClCompile>
    <ClCompile Include="Detours\modules.cpp">
      <Filter>3rdParty\Detours</Filter>
    </ClCompile>
    <ClCompile Include="XZip.cpp">
      <Filter>Source</Filter>
    </ClCompile>
  </ItemGroup>
  <ItemGroup>
    <ClInclude Include="hook.h">
      <Filter>Source</Filter>
    </ClInclude>
    <ClInclude Include="hookutils.h">
      <Filter>Source</Filter>
    </ClInclude>
    <ClInclude Include="XorStr.hpp">
      <Filter>Headers</Filter>
    </ClInclude>
  </ItemGroup>
</Project>